
Microsoft Visual Studio Solution File, Format Version 12.00
# Visual Studio Version 17
VisualStudioVersion = 17.7.34024.191
MinimumVisualStudioVersion = 10.0.40219.1
Project("{FAE04EC0-301F-11D3-BF4B-00C04F79EFBC}") = "FeWebApplication", "FeWebApplication.csproj", "{E8B96A56-64A6-4335-8EA5-339C4D8941FA}"
EndProject
Global
	GlobalSection(SolutionConfigurationPlatforms) = preSolution
		Debug|Any CPU = Debug|Any CPU
		Release|Any CPU = Release|Any CPU
	EndGlobalSection
	GlobalSection(ProjectConfigurationPlatforms) = postSolution
		{E8B96A56-64A6-4335-8EA5-339C4D8941FA}.Debug|Any CPU.ActiveCfg = Debug|Any CPU
		{E8B96A56-64A6-4335-8EA5-339C4D8941FA}.Debug|Any CPU.Build.0 = Debug|Any CPU
		{E8B96A56-64A6-4335-8EA5-339C4D8941FA}.Release|Any CPU.ActiveCfg = Release|Any CPU
		{E8B96A56-64A6-4335-8EA5-339C4D8941FA}.Release|Any CPU.Build.0 = Release|Any CPU
	EndGlobalSection
	GlobalSection(SolutionProperties) = preSolution
		HideSolutionNode = FALSE
	EndGlobalSection
	GlobalSection(ExtensibilityGlobals) = postSolution
		SolutionGuid = {7814A5B3-91A1-41CB-9B25-394614A7ED54}
	EndGlobalSection
EndGlobal
